<?xml version="1.0" encoding="UTF-8" standalone="yes" ?>
<CodeBlocks_project_file>
	<FileVersion major="1" minor="6" />
	<Project>
		<Option title="echo-server" />
		<Option pch_mode="2" />
		<Option compiler="gcc" />
		<Build>
			<Target title="Debug">
				<Option output="bin/echo-server" prefix_auto="1" extension_auto="1" />
				<Option object_output="debug/" />
				<Option type="1" />
				<Option compiler="gcc" />
				<Compiler>
					<Add option="-g" />
				</Compiler>
			</Target>
			<Target title="Release">
				<Option output="bin/echo-server" prefix_auto="1" extension_auto="1" />
				<Option object_output="release/" />
				<Option type="1" />
				<Option compiler="gcc" />
				<Compiler>
					<Add option="-O2" />
				</Compiler>
				<Linker>
					<Add option="-s" />
				</Linker>
			</Target>
		</Build>
		<Compiler>
			<Add option="-Wall" />
			<Add option="-pthread" />
			<Add directory="submod/genutil" />
			<Add directory="submod/c11thrd/include" />
		</Compiler>
		<Linker>
			<Add option="-pthread" />
			<Add library="c11thrd" />
			<Add library="mbedtls" />
			<Add library="mbedx509" />
			<Add library="mbedcrypto" />
			<Add library="rt" />
			<Add directory="submod/c11thrd/lib" />
		</Linker>
		<Unit filename="app/cmdopt.c">
			<Option compilerVar="CC" />
		</Unit>
		<Unit filename="app/cmdopt.h" />
		<Unit filename="app/epoll_encap.c">
			<Option compilerVar="CC" />
		</Unit>
		<Unit filename="app/epoll_encap.h" />
		<Unit filename="app/listener.c">
			<Option compilerVar="CC" />
		</Unit>
		<Unit filename="app/listener.h" />
		<Unit filename="app/main.c">
			<Option compilerVar="CC" />
		</Unit>
		<Unit filename="app/tcp_peer.c">
			<Option compilerVar="CC" />
		</Unit>
		<Unit filename="app/tcp_peer.h" />
		<Unit filename="app/tls_peer.c">
			<Option compilerVar="CC" />
		</Unit>
		<Unit filename="app/tls_peer.h" />
		<Unit filename="app/tls_resource.c">
			<Option compilerVar="CC" />
		</Unit>
		<Unit filename="app/tls_resource.h" />
		<Unit filename="submod/genutil/gen/cirbuf.c">
			<Option compilerVar="CC" />
		</Unit>
		<Unit filename="submod/genutil/gen/cirbuf.h" />
		<Unit filename="submod/genutil/gen/jmpbk.h" />
		<Unit filename="submod/genutil/gen/net/ipconst.h" />
		<Unit filename="submod/genutil/gen/net/iptype.c">
			<Option compilerVar="CC" />
		</Unit>
		<Unit filename="submod/genutil/gen/net/iptype.h" />
		<Unit filename="submod/genutil/gen/net/sockbase.c">
			<Option compilerVar="CC" />
		</Unit>
		<Unit filename="submod/genutil/gen/net/sockbase.h" />
		<Unit filename="submod/genutil/gen/net/socktcp.c">
			<Option compilerVar="CC" />
		</Unit>
		<Unit filename="submod/genutil/gen/net/socktcp.h" />
		<Unit filename="submod/genutil/gen/net/sockudp.c">
			<Option compilerVar="CC" />
		</Unit>
		<Unit filename="submod/genutil/gen/net/sockudp.h" />
		<Unit filename="submod/genutil/gen/net/urlpar.c">
			<Option compilerVar="CC" />
		</Unit>
		<Unit filename="submod/genutil/gen/net/urlpar.h" />
		<Unit filename="submod/genutil/gen/net/winwsa.c">
			<Option compilerVar="CC" />
		</Unit>
		<Unit filename="submod/genutil/gen/net/winwsa.h" />
		<Unit filename="submod/genutil/gen/systime.c">
			<Option compilerVar="CC" />
		</Unit>
		<Unit filename="submod/genutil/gen/systime.h" />
		<Unit filename="submod/genutil/gen/timectr.h" />
		<Unit filename="submod/genutil/gen/timeinf.c">
			<Option compilerVar="CC" />
		</Unit>
		<Unit filename="submod/genutil/gen/timeinf.h" />
		<Extensions>
			<code_completion />
			<envvars />
			<debugger />
			<lib_finder disable_auto="1" />
		</Extensions>
	</Project>
</CodeBlocks_project_file>
